
Microsoft Visual Studio Solution File, Format Version 12.00
# Visual Studio Version 17
VisualStudioVersion = 17.4.33103.184
MinimumVisualStudioVersion = 10.0.40219.1
Project("{9A19103F-16F7-4668-BE54-9A1E7A4F7556}") = "Eval-1", "Eval-1\Eval-1.csproj", "{C666A49A-15D4-402A-A211-451C3F2D4288}"
EndProject
Project("{FAE04EC0-301F-11D3-BF4B-00C04F79EFBC}") = "DBClassLib", "DBClassLib\DBClassLib.csproj", "{4603E90D-D229-415D-B2F1-2BE4C4513259}"
EndProject
Global
	GlobalSection(SolutionConfigurationPlatforms) = preSolution
		Debug|Any CPU = Debug|Any CPU
		Release|Any CPU = Release|Any CPU
	EndGlobalSection
	GlobalSection(ProjectConfigurationPlatforms) = postSolution
		{C666A49A-15D4-402A-A211-451C3F2D4288}.Debug|Any CPU.ActiveCfg = Debug|Any CPU
		{C666A49A-15D4-402A-A211-451C3F2D4288}.Debug|Any CPU.Build.0 = Debug|Any CPU
		{C666A49A-15D4-402A-A211-451C3F2D4288}.Release|Any CPU.ActiveCfg = Release|Any CPU
		{C666A49A-15D4-402A-A211-451C3F2D4288}.Release|Any CPU.Build.0 = Release|Any CPU
		{4603E90D-D229-415D-B2F1-2BE4C4513259}.Debug|Any CPU.ActiveCfg = Debug|Any CPU
		{4603E90D-D229-415D-B2F1-2BE4C4513259}.Debug|Any CPU.Build.0 = Debug|Any CPU
		{4603E90D-D229-415D-B2F1-2BE4C4513259}.Release|Any CPU.ActiveCfg = Release|Any CPU
		{4603E90D-D229-415D-B2F1-2BE4C4513259}.Release|Any CPU.Build.0 = Release|Any CPU
	EndGlobalSection
	GlobalSection(SolutionProperties) = preSolution
		HideSolutionNode = FALSE
	EndGlobalSection
	GlobalSection(ExtensibilityGlobals) = postSolution
		SolutionGuid = {95BC5EEE-6E9A-425B-842C-0E0331A33B7C}
	EndGlobalSection
EndGlobal
